Microsoft Visual Studio Solution File, Format Version 12.00
# Visual Studio Version 16
VisualStudioVersion = 16.0.0.0
MinimumVisualStudioVersion = 16.0.0.0
Project("{9A19103F-16F7-4668-BE54-9A1E7A4F7556}") = "Datanalys.Server", "Server\Datanalys.Server.csproj", "{BA5E901D-C098-42C1-BC5A-83CC3335E00C}"
EndProject
Project("{9A19103F-16F7-4668-BE54-9A1E7A4F7556}") = "Datanalys.Client", "Client\Datanalys.Client.csproj", "{96BFA0FE-E21E-497A-A607-BB51436249F6}"
EndProject
Project("{9A19103F-16F7-4668-BE54-9A1E7A4F7556}") = "Datanalys.Shared", "Shared\Datanalys.Shared.csproj", "{C491248F-46DD-422C-A111-AD8E736D3559}"
EndProject
Global
	GlobalSection(SolutionConfigurationPlatforms) = preSolution
		Debug|Any CPU = Debug|Any CPU
		Debug|x64 = Debug|x64
		Debug|x86 = Debug|x86
		Release|Any CPU = Release|Any CPU
		Release|x64 = Release|x64
		Release|x86 = Release|x86
	EndGlobalSection
	GlobalSection(ProjectConfigurationPlatforms) = postSolution
		{BA5E901D-C098-42C1-BC5A-83CC3335E00C}.Debug|Any CPU.ActiveCfg = Debug|Any CPU
		{BA5E901D-C098-42C1-BC5A-83CC3335E00C}.Debug|Any CPU.Build.0 = Debug|Any CPU
		{BA5E901D-C098-42C1-BC5A-83CC3335E00C}.Debug|x64.ActiveCfg = Debug|Any CPU
		{BA5E901D-C098-42C1-BC5A-83CC3335E00C}.Debug|x64.Build.0 = Debug|Any CPU
		{BA5E901D-C098-42C1-BC5A-83CC3335E00C}.Debug|x86.ActiveCfg = Debug|Any CPU
		{BA5E901D-C098-42C1-BC5A-83CC3335E00C}.Debug|x86.Build.0 = Debug|Any CPU
		{BA5E901D-C098-42C1-BC5A-83CC3335E00C}.Release|Any CPU.ActiveCfg = Release|Any CPU
		{BA5E901D-C098-42C1-BC5A-83CC3335E00C}.Release|Any CPU.Build.0 = Release|Any CPU
		{BA5E901D-C098-42C1-BC5A-83CC3335E00C}.Release|x64.ActiveCfg = Release|Any CPU
		{BA5E901D-C098-42C1-BC5A-83CC3335E00C}.Release|x64.Build.0 = Release|Any CPU
		{BA5E901D-C098-42C1-BC5A-83CC3335E00C}.Release|x86.ActiveCfg = Release|Any CPU
		{BA5E901D-C098-42C1-BC5A-83CC3335E00C}.Release|x86.Build.0 = Release|Any CPU
		{96BFA0FE-E21E-497A-A607-BB51436249F6}.Debug|Any CPU.ActiveCfg = Debug|Any CPU
		{96BFA0FE-E21E-497A-A607-BB51436249F6}.Debug|Any CPU.Build.0 = Debug|Any CPU
		{96BFA0FE-E21E-497A-A607-BB51436249F6}.Debug|x64.ActiveCfg = Debug|Any CPU
		{96BFA0FE-E21E-497A-A607-BB51436249F6}.Debug|x64.Build.0 = Debug|Any CPU
		{96BFA0FE-E21E-497A-A607-BB51436249F6}.Debug|x86.ActiveCfg = Debug|Any CPU
		{96BFA0FE-E21E-497A-A607-BB51436249F6}.Debug|x86.Build.0 = Debug|Any CPU
		{96BFA0FE-E21E-497A-A607-BB51436249F6}.Release|Any CPU.ActiveCfg = Release|Any CPU
		{96BFA0FE-E21E-497A-A607-BB51436249F6}.Release|Any CPU.Build.0 = Release|Any CPU
		{96BFA0FE-E21E-497A-A607-BB51436249F6}.Release|x64.ActiveCfg = Release|Any CPU
		{96BFA0FE-E21E-497A-A607-BB51436249F6}.Release|x64.Build.0 = Release|Any CPU
		{96BFA0FE-E21E-497A-A607-BB51436249F6}.Release|x86.ActiveCfg = Release|Any CPU
		{96BFA0FE-E21E-497A-A607-BB51436249F6}.Release|x86.Build.0 = Release|Any CPU
		{C491248F-46DD-422C-A111-AD8E736D3559}.Debug|Any CPU.ActiveCfg = Debug|Any CPU
		{C491248F-46DD-422C-A111-AD8E736D3559}.Debug|Any CPU.Build.0 = Debug|Any CPU
		{C491248F-46DD-422C-A111-AD8E736D3559}.Debug|x64.ActiveCfg = Debug|Any CPU
		{C491248F-46DD-422C-A111-AD8E736D3559}.Debug|x64.Build.0 = Debug|Any CPU
		{C491248F-46DD-422C-A111-AD8E736D3559}.Debug|x86.ActiveCfg = Debug|Any CPU
		{C491248F-46DD-422C-A111-AD8E736D3559}.Debug|x86.Build.0 = Debug|Any CPU
		{C491248F-46DD-422C-A111-AD8E736D3559}.Release|Any CPU.ActiveCfg = Release|Any CPU
		{C491248F-46DD-422C-A111-AD8E736D3559}.Release|Any CPU.Build.0 = Release|Any CPU
		{C491248F-46DD-422C-A111-AD8E736D3559}.Release|x64.ActiveCfg = Release|Any CPU
		{C491248F-46DD-422C-A111-AD8E736D3559}.Release|x64.Build.0 = Release|Any CPU
		{C491248F-46DD-422C-A111-AD8E736D3559}.Release|x86.ActiveCfg = Release|Any CPU
		{C491248F-46DD-422C-A111-AD8E736D3559}.Release|x86.Build.0 = Release|Any CPU
	EndGlobalSection
	GlobalSection(SolutionProperties) = preSolution
		HideSolutionNode = FALSE
	EndGlobalSection
	GlobalSection(ExtensibilityGlobals) = postSolution
		SolutionGuid = {5E797EA3-0F29-4FA8-A152-229B04AEE692}
	EndGlobalSection
EndGlobal
